
Microsoft Visual Studio Solution File, Format Version 12.00
# Visual Studio Version 16
VisualStudioVersion = 16.0.31205.134
MinimumVisualStudioVersion = 10.0.40219.1
Project("{9A19103F-16F7-4668-BE54-9A1E7A4F7556}") = "SalaryCalculator", "SalaryCalculator\SalaryCalculator.csproj", "{0BAE456D-7439-4A50-8700-0CA67AC0E148}"
EndProject
Project("{9A19103F-16F7-4668-BE54-9A1E7A4F7556}") = "SalaryCalculator.Tests", "SalaryCalculator.Tests\SalaryCalculator.Tests.csproj", "{F023CF0C-6E94-4750-82D3-1CA59407A54F}"
EndProject
Project("{FAE04EC0-301F-11D3-BF4B-00C04F79EFBC}") = "Polymorphism", "Polymorphism\Polymorphism.csproj", "{646B8E38-A232-4DAD-BB90-C2AC2B7A65AA}"
EndProject
Project("{FAE04EC0-301F-11D3-BF4B-00C04F79EFBC}") = "Polymorphism.Tests", "Polymorphism.Tests\Polymorphism.Tests.csproj", "{B0BDABEA-908F-4142-AE21-CC0F9385E4B4}"
EndProject
Global
	GlobalSection(SolutionConfigurationPlatforms) = preSolution
		Debug|Any CPU = Debug|Any CPU
		Release|Any CPU = Release|Any CPU
	EndGlobalSection
	GlobalSection(ProjectConfigurationPlatforms) = postSolution
		{0BAE456D-7439-4A50-8700-0CA67AC0E148}.Debug|Any CPU.ActiveCfg = Debug|Any CPU
		{0BAE456D-7439-4A50-8700-0CA67AC0E148}.Debug|Any CPU.Build.0 = Debug|Any CPU
		{0BAE456D-7439-4A50-8700-0CA67AC0E148}.Release|Any CPU.ActiveCfg = Release|Any CPU
		{0BAE456D-7439-4A50-8700-0CA67AC0E148}.Release|Any CPU.Build.0 = Release|Any CPU
		{F023CF0C-6E94-4750-82D3-1CA59407A54F}.Debug|Any CPU.ActiveCfg = Debug|Any CPU
		{F023CF0C-6E94-4750-82D3-1CA59407A54F}.Debug|Any CPU.Build.0 = Debug|Any CPU
		{F023CF0C-6E94-4750-82D3-1CA59407A54F}.Release|Any CPU.ActiveCfg = Release|Any CPU
		{F023CF0C-6E94-4750-82D3-1CA59407A54F}.Release|Any CPU.Build.0 = Release|Any CPU
		{646B8E38-A232-4DAD-BB90-C2AC2B7A65AA}.Debug|Any CPU.ActiveCfg = Debug|Any CPU
		{646B8E38-A232-4DAD-BB90-C2AC2B7A65AA}.Debug|Any CPU.Build.0 = Debug|Any CPU
		{646B8E38-A232-4DAD-BB90-C2AC2B7A65AA}.Release|Any CPU.ActiveCfg = Release|Any CPU
		{646B8E38-A232-4DAD-BB90-C2AC2B7A65AA}.Release|Any CPU.Build.0 = Release|Any CPU
		{B0BDABEA-908F-4142-AE21-CC0F9385E4B4}.Debug|Any CPU.ActiveCfg = Debug|Any CPU
		{B0BDABEA-908F-4142-AE21-CC0F9385E4B4}.Debug|Any CPU.Build.0 = Debug|Any CPU
		{B0BDABEA-908F-4142-AE21-CC0F9385E4B4}.Release|Any CPU.ActiveCfg = Release|Any CPU
		{B0BDABEA-908F-4142-AE21-CC0F9385E4B4}.Release|Any CPU.Build.0 = Release|Any CPU
	EndGlobalSection
	GlobalSection(SolutionProperties) = preSolution
		HideSolutionNode = FALSE
	EndGlobalSection
	GlobalSection(ExtensibilityGlobals) = postSolution
		SolutionGuid = {49E937CB-C220-46EB-AACA-2DC9649981E2}
	EndGlobalSection
EndGlobal
